// !$*UTF8*$!
{
	archiveVersion = 1;
	classes = {
	};
	objectVersion = 46;
	objects = {

/* Begin PBXBuildFile section */
		C2F114391CAD6D4A001A30DB /* main.m in Sources */ = {isa = PBXBuildFile; fileRef = C2F114381CAD6D4A001A30DB /* main.m */; };
		C2F1143C1CAD6D4A001A30DB /* AppDelegate.m in Sources */ = {isa = PBXBuildFile; fileRef = C2F1143B1CAD6D4A001A30DB /* AppDelegate.m */; };
		C2F1143F1CAD6D4A001A30DB /* ViewController.m in Sources */ = {isa = PBXBuildFile; fileRef = C2F1143E1CAD6D4A001A30DB /* ViewController.m */; };
		C2F114421CAD6D4A001A30DB /* Main.storyboard in Resources */ = {isa = PBXBuildFile; fileRef = C2F114401CAD6D4A001A30DB /* Main.storyboard */; };
		C2F114441CAD6D4A001A30DB /* Assets.xcassets in Resources */ = {isa = PBXBuildFile; fileRef = C2F114431CAD6D4A001A30DB /* Assets.xcassets */; };
		C2F114471CAD6D4A001A30DB /* LaunchScreen.storyboard in Resources */ = {isa = PBXBuildFile; fileRef = C2F114451CAD6D4A001A30DB /* LaunchScreen.storyboard */; };
/* End PBXBuildFile section */

/* Begin PBXFileReference section */
		C2F114341CAD6D4A001A30DB /* testClonefirst.app */ = {isa = PBXFileReference; explicitFileType = wrapper.application; includeInIndex = 0; path = testClonefirst.app; sourceTree = BUILT_PRODUCTS_DIR; };
		C2F114381CAD6D4A001A30DB /* main.m */ = {isa = PBXFileReference; lastKnownFileType = sourcecode.c.objc; path = main.m; sourceTree = "<group>"; };
		C2F1143A1CAD6D4A001A30DB /* AppDelegate.h */ = {isa = PBXFileReference; lastKnownFileType = sourcecode.c.h; path = AppDelegate.h; sourceTree = "<group>"; };
		C2F1143B1CAD6D4A001A30DB /* AppDelegate.m */ = {isa = PBXFileReference; lastKnownFileType = sourcecode.c.objc; path = AppDelegate.m; sourceTree = "<group>"; };
		C2F1143D1CAD6D4A001A30DB /* ViewController.h */ = {isa = PBXFileReference; lastKnownFileType = sourcecode.c.h; path = ViewController.h; sourceTree = "<group>"; };
		C2F1143E1CAD6D4A001A30DB /* ViewController.m */ = {isa = PBXFileReference; lastKnownFileType = sourcecode.c.objc; path = ViewController.m; sourceTree = "<group>"; };
		C2F114411CAD6D4A001A30DB /* Base */ = {isa = PBXFileReference; lastKnownFileType = file.storyboard; name = Base; path = Base.lproj/Main.storyboard; sourceTree = "<group>"; };
		C2F114431CAD6D4A001A30DB /* Assets.xcassets */ = {isa = PBXFileReference; lastKnownFileType = folder.assetcatalog; path = Assets.xcassets; sourceTree = "<group>"; };
		C2F114461CAD6D4A001A30DB /* Base */ = {isa = PBXFileReference; lastKnownFileType = file.storyboard; name = Base; path = Base.lproj/LaunchScreen.storyboard; sourceTree = "<group>"; };
		C2F114481CAD6D4A001A30DB /* Info.plist */ = {isa = PBXFileReference; lastKnownFileType = text.plist.xml; path = Info.plist; sourceTree = "<group>"; };
/* End PBXFileReference section */

/* Begin PBXFrameworksBuildPhase section */
		C2F114311CAD6D4A001A30DB /* Frameworks */ = {
			isa = PBXFrameworksBuildPhase;
			buildActionMask = 2147483647;
			files = (
			);
			runOnlyForDeploymentPostprocessing = 0;
		};
/* End PBXFrameworksBuildPhase section */

/* Begin PBXGroup section */
		C2F1142B1CAD6D4A001A30DB = {
			isa = PBXGroup;
			children = (
				C2F114361CAD6D4A001A30DB /* testClonefirst */,
				C2F114351CAD6D4A001A30DB /* Products */,
			);
			sourceTree = "<group>";
		};
		C2F114351CAD6D4A001A30DB /* Products */ = {
			isa = PBXGroup;
			children = (
				C2F114341CAD6D4A001A30DB /* testClonefirst.app */,
			);
			name = Products;
			sourceTree = "<group>";
		};
		C2F114361CAD6D4A001A30DB /* testClonefirst */ = {
			isa = PBXGroup;
			children = (
				C2F1143A1CAD6D4A001A30DB /* AppDelegate.h */,
				C2F1143B1CAD6D4A001A30DB /* AppDelegate.m */,
				C2F1143D1CAD6D4A001A30DB /* ViewController.h */,
				C2F1143E1CAD6D4A001A30DB /* ViewController.m */,
				C2F114401CAD6D4A001A30DB /* Main.storyboard */,
				C2F114431CAD6D4A001A30DB /* Assets.xcassets */,
				C2F114451CAD6D4A001A30DB /* LaunchScreen.storyboard */,
				C2F114481CAD6D4A001A30DB /* Info.plist */,
				C2F114371CAD6D4A001A30DB /* Supporting Files */,
			);
			path = testClonefirst;
			sourceTree = "<group>";
		};
		C2F114371CAD6D4A001A30DB /* Supporting Files */ = {
			isa = PBXGroup;
			children = (
				C2F114381CAD6D4A001A30DB /* main.m */,
			);
			name = "Supporting Files";
			sourceTree = "<group>";
		};
/* End PBXGroup section */

/* Begin PBXNativeTarget section */
		C2F114331CAD6D4A001A30DB /* testClonefirst */ = {
			isa = PBXNativeTarget;
			buildConfigurationList = C2F1144B1CAD6D4A001A30DB /* Build configuration list for PBXNativeTarget "testClonefirst" */;
			buildPhases = (
				C2F114301CAD6D4A001A30DB /* Sources */,
				C2F114311CAD6D4A001A30DB /* Frameworks */,
				C2F114321CAD6D4A001A30DB /* Resources */,
			);
			buildRules = (
			);
			dependencies = (
			);
			name = testClonefirst;
			productName = testClonefirst;
			productReference = C2F114341CAD6D4A001A30DB /* testClonefirst.app */;
			productType = "com.apple.product-type.application";
		};
/* End PBXNativeTarget section */

/* Begin PBXProject section */
		C2F1142C1CAD6D4A001A30DB /* Project object */ = {
			isa = PBXProject;
			attributes = {
				LastUpgradeCheck = 0700;
				ORGANIZATIONNAME = baidu;
				TargetAttributes = {
					C2F114331CAD6D4A001A30DB = {
						CreatedOnToolsVersion = 7.0;
					};
				};
			};
			buildConfigurationList = C2F1142F1CAD6D4A001A30DB /* Build configuration list for PBXProject "testClonefirst" */;
			compatibilityVersion = "Xcode 3.2";
			developmentRegion = English;
			hasScannedForEncodings = 0;
			knownRegions = (
				en,
				Base,
			);
			mainGroup = C2F1142B1CAD6D4A001A30DB;
			productRefGroup = C2F114351CAD6D4A001A30DB /* Products */;
			projectDirPath = "";
			projectRoot = "";
			targets = (
				C2F114331CAD6D4A001A30DB /* testClonefirst */,
			);
		};
/* End PBXProject section */

/* Begin PBXResourcesBuildPhase section */
		C2F114321CAD6D4A001A30DB /* Resources */ = {
			isa = PBXResourcesBuildPhase;
			buildActionMask = 2147483647;
			files = (
				C2F114471CAD6D4A001A30DB /* LaunchScreen.storyboard in Resources */,
				C2F114441CAD6D4A001A30DB /* Assets.xcassets in Resources */,
				C2F114421CAD6D4A001A30DB /* Main.storyboard in Resources */,
			);
			runOnlyForDeploymentPostprocessing = 0;
		};
/* End PBXResourcesBuildPhase section */

/* Begin PBXSourcesBuildPhase section */
		C2F114301CAD6D4A001A30DB /* Sources */ = {
			isa = PBXSourcesBuildPhase;
			buildActionMask = 2147483647;
			files = (
				C2F1143F1CAD6D4A001A30DB /* ViewController.m in Sources */,
				C2F1143C1CAD6D4A001A30DB /* AppDelegate.m in Sources */,
				C2F114391CAD6D4A001A30DB /* main.m in Sources */,
			);
			runOnlyForDeploymentPostprocessing = 0;
		};
/* End PBXSourcesBuildPhase section */

/* Begin PBXVariantGroup section */
		C2F114401CAD6D4A001A30DB /* Main.storyboard */ = {
			isa = PBXVariantGroup;
			children = (
				C2F114411CAD6D4A001A30DB /* Base */,
			);
			name = Main.storyboard;
			sourceTree = "<group>";
		};
		C2F114451CAD6D4A001A30DB /* LaunchScreen.storyboard */ = {
			isa = PBXVariantGroup;
			children = (
				C2F114461CAD6D4A001A30DB /* Base */,
			);
			name = LaunchScreen.storyboard;
			sourceTree = "<group>";
		};
/* End PBXVariantGroup section */

/* Begin XCBuildConfiguration section */
		C2F114491CAD6D4A001A30DB /* Debug */ = {
			isa = XCBuildConfiguration;
			buildSettings = {
				ALWAYS_SEARCH_USER_PATHS = NO;
				CLANG_CXX_LANGUAGE_STANDARD = "gnu++0x";
				CLANG_CXX_LIBRARY = "libc++";
				CLANG_ENABLE_MODULES = YES;
				CLANG_ENABLE_OBJC_ARC = YES;
				CLANG_WARN_BOOL_CONVERSION = YES;
				CLANG_WARN_CONSTANT_CONVERSION = YES;
				CLANG_WARN_DIRECT_OBJC_ISA_USAGE = YES_ERROR;
				CLANG_WARN_EMPTY_BODY = YES;
				CLANG_WARN_ENUM_CONVERSION = YES;
				CLANG_WARN_INT_CONVERSION = YES;
				CLANG_WARN_OBJC_ROOT_CLASS = YES_ERROR;
				CLANG_WARN_UNREACHABLE_CODE = YES;
				CLANG_WARN__DUPLICATE_METHOD_MATCH = YES;
				"CODE_SIGN_IDENTITY[sdk=iphoneos*]" = "iPhone Developer";
				COPY_PHASE_STRIP = NO;
				DEBUG_INFORMATION_FORMAT = dwarf;
				ENABLE_STRICT_OBJC_MSGSEND = YES;
				ENABLE_TESTABILITY = YES;
				GCC_C_LANGUAGE_STANDARD = gnu99;
				GCC_DYNAMIC_NO_PIC = NO;
				GCC_NO_COMMON_BLOCKS = YES;
				GCC_OPTIMIZATION_LEVEL = 0;
				GCC_PREPROCESSOR_DEFINITIONS = (
					"DEBUG=1",
					"$(inherited)",
				);
				GCC_WARN_64_TO_32_BIT_CONVERSION = YES;
				GCC_WARN_ABOUT_RETURN_TYPE = YES_ERROR;
				GCC_WARN_UNDECLARED_SELECTOR = YES;
				GCC_WARN_UNINITIALIZED_AUTOS = YES_AGGRESSIVE;
				GCC_WARN_UNUSED_FUNCTION = YES;
				GCC_WARN_UNUSED_VARIABLE = YES;
				IPHONEOS_DEPLOYMENT_TARGET = 9.0;
				MTL_ENABLE_DEBUG_INFO = YES;
				ONLY_ACTIVE_ARCH = YES;
				SDKROOT = iphoneos;
			};
			name = Debug;
		};
		C2F1144A1CAD6D4A001A30DB /* Release */ = {
			isa = XCBuildConfiguration;
			buildSettings = {
				ALWAYS_SEARCH_USER_PATHS = NO;
				CLANG_CXX_LANGUAGE_STANDARD = "gnu++0x";
				CLANG_CXX_LIBRARY = "libc++";
				CLANG_ENABLE_MODULES = YES;
				CLANG_ENABLE_OBJC_ARC = YES;
				CLANG_WARN_BOOL_CONVERSION = YES;
				CLANG_WARN_CONSTANT_CONVERSION = YES;
				CLANG_WARN_DIRECT_OBJC_ISA_USAGE = YES_ERROR;
				CLANG_WARN_EMPTY_BODY = YES;
				CLANG_WARN_ENUM_CONVERSION = YES;
				CLANG_WARN_INT_CONVERSION = YES;
				CLANG_WARN_OBJC_ROOT_CLASS = YES_ERROR;
				CLANG_WARN_UNREACHABLE_CODE = YES;
				CLANG_WARN__DUPLICATE_METHOD_MATCH = YES;
				"CODE_SIGN_IDENTITY[sdk=iphoneos*]" = "iPhone Developer";
				COPY_PHASE_STRIP = NO;
				DEBUG_INFORMATION_FORMAT = "dwarf-with-dsym";
				ENABLE_NS_ASSERTIONS = NO;
				ENABLE_STRICT_OBJC_MSGSEND = YES;
				GCC_C_LANGUAGE_STANDARD = gnu99;
				GCC_NO_COMMON_BLOCKS = YES;
				GCC_WARN_64_TO_32_BIT_CONVERSION = YES;
				GCC_WARN_ABOUT_RETURN_TYPE = YES_ERROR;
				GCC_WARN_UNDECLARED_SELECTOR = YES;
				GCC_WARN_UNINITIALIZED_AUTOS = YES_AGGRESSIVE;
				GCC_WARN_UNUSED_FUNCTION = YES;
				GCC_WARN_UNUSED_VARIABLE = YES;
				IPHONEOS_DEPLOYMENT_TARGET = 9.0;
				MTL_ENABLE_DEBUG_INFO = NO;
				SDKROOT = iphoneos;
				VALIDATE_PRODUCT = YES;
			};
			name = Release;
		};
		C2F1144C1CAD6D4A001A30DB /* Debug */ = {
			isa = XCBuildConfiguration;
			buildSettings = {
				ASSETCATALOG_COMPILER_APPICON_NAME = AppIcon;
				INFOPLIST_FILE = testClonefirst/Info.plist;
				LD_RUNPATH_SEARCH_PATHS = "$(inherited) @executable_path/Frameworks";
				PRODUCT_BUNDLE_IDENTIFIER = cn.com.baidu.testClonefirst;
				PRODUCT_NAME = "$(TARGET_NAME)";
			};
			name = Debug;
		};
		C2F1144D1CAD6D4A001A30DB /* Release */ = {
			isa = XCBuildConfiguration;
			buildSettings = {
				ASSETCATALOG_COMPILER_APPICON_NAME = AppIcon;
				INFOPLIST_FILE = testClonefirst/Info.plist;
				LD_RUNPATH_SEARCH_PATHS = "$(inherited) @executable_path/Frameworks";
				PRODUCT_BUNDLE_IDENTIFIER = cn.com.baidu.testClonefirst;
				PRODUCT_NAME = "$(TARGET_NAME)";
			};
			name = Release;
		};
/* End XCBuildConfiguration section */

/* Begin XCConfigurationList section */
		C2F1142F1CAD6D4A001A30DB /* Build configuration list for PBXProject "testClonefirst" */ = {
			isa = XCConfigurationList;
			buildConfigurations = (
				C2F114491CAD6D4A001A30DB /* Debug */,
				C2F1144A1CAD6D4A001A30DB /* Release */,
			);
			defaultConfigurationIsVisible = 0;
			defaultConfigurationName = Release;
		};
		C2F1144B1CAD6D4A001A30DB /* Build configuration list for PBXNativeTarget "testClonefirst" */ = {
			isa = XCConfigurationList;
			buildConfigurations = (
				C2F1144C1CAD6D4A001A30DB /* Debug */,
				C2F1144D1CAD6D4A001A30DB /* Release */,
			);
			defaultConfigurationIsVisible = 0;
		};
/* End XCConfigurationList section */
	};
	rootObject = C2F1142C1CAD6D4A001A30DB /* Project object */;
}
